lockfileVersion: '9.0'

settings:
  autoInstallPeers: true
  excludeLinksFromLockfile: false

importers:

  .:
    dependencies:
      nyord:
        specifier: latest
        version: 1.0.4
      typescript:
        specifier: ^5.7.2
        version: 5.7.2

packages:

  nyord@1.0.4:
    resolution: {integrity: sha512-rZ+fzv+OtDAa9f+X0eh1sooZXSKwOzdxNbe8BBw/mokFqxdgygm+P3hGWC93UAjZkCMtwvnazNtYXcLNnq/QsA==}

  typescript@5.7.2:
    resolution: {integrity: sha512-i5t66RHxDvVN40HfDd1PsEThGNnlMCMT3jMUuoh9/0TaqWevNontacunWyN02LA9/fIbEWlcHZcgTKb9QoaLfg==}
    engines: {node: '>=14.17'}
    hasBin: true

snapshots:

  nyord@1.0.4: {}

  typescript@5.7.2: {}
